# This file is automatically @generated by Cargo.
# It is not intended for manual editing.
version = 4

[[package]]
name = "cc"
version = "1.2.47"
source = "registry+https://github.com/rust-lang/crates.io-index"
checksum = "cd405d82c84ff7f35739f175f67d8b9fb7687a0e84ccdc78bd3568839827cf07"
dependencies = [
 "find-msvc-tools",
 "shlex",
]

[[package]]
name = "crossbeam-utils"
version = "0.8.21"
source = "registry+https://github.com/rust-lang/crates.io-index"
checksum = "d0a5c400df2834b80a4c3327b3aad3a4c4cd4de0629063962b03235697506a28"

[[package]]
name = "find-msvc-tools"
version = "0.1.5"
source = "registry+https://github.com/rust-lang/crates.io-index"
checksum = "3a3076410a55c90011c298b04d0cfa770b00fa04e1e3c97d3f6c9de105a03844"

[[package]]
name = "hazard"
version = "0.3.1"
source = "registry+https://github.com/rust-lang/crates.io-index"
checksum = "0de21a47b2ccd944b16d6cc6b8e40ecf212099b5cd03ada2ae2e733f8cb802f1"

[[package]]
name = "libc"
version = "0.2.177"
source = "registry+https://github.com/rust-lang/crates.io-index"
checksum = "2874a2af47a2325c2001a6e6fad9b16a53b802102b528163885171cf92b15976"

[[package]]
name = "linux-futex"
version = "1.0.0"
source = "registry+https://github.com/rust-lang/crates.io-index"
checksum = "ca13551457f48de808024473c481e3978eb6ea5e7f345433eb0f9c3b325fc1ca"
dependencies = [
 "libc",
]

[[package]]
name = "portable-atomic"
version = "1.11.1"
source = "registry+https://github.com/rust-lang/crates.io-index"
checksum = "f84267b20a16ea918e43c6a88433c2d54fa145c92a811b5b047ccbe153674483"

[[package]]
name = "queues"
version = "0.1.0"
dependencies = [
 "crossbeam-utils",
 "hazard",
 "linux-futex",
 "portable-atomic",
 "stackalloc",
]

[[package]]
name = "rustc_version"
version = "0.2.3"
source = "registry+https://github.com/rust-lang/crates.io-index"
checksum = "138e3e0acb6c9fb258b19b67cb8abd63c00679d2851805ea151465464fe9030a"
dependencies = [
 "semver",
]

[[package]]
name = "semver"
version = "0.9.0"
source = "registry+https://github.com/rust-lang/crates.io-index"
checksum = "1d7eb9ef2c18661902cc47e535f9bc51b78acd254da71d375c2f6720d9a40403"
dependencies = [
 "semver-parser",
]

[[package]]
name = "semver-parser"
version = "0.7.0"
source = "registry+https://github.com/rust-lang/crates.io-index"
checksum = "388a1df253eca08550bef6c72392cfe7c30914bf41df5269b68cbd6ff8f570a3"

[[package]]
name = "shlex"
version = "1.3.0"
source = "registry+https://github.com/rust-lang/crates.io-index"
checksum = "0fda2ff0d084019ba4d7c6f371c95d8fd75ce3524c3cb8fb653a3023f6323e64"

[[package]]
name = "stackalloc"
version = "1.2.1"
source = "registry+https://github.com/rust-lang/crates.io-index"
checksum = "00b5b7088084b7f78305a42468c9a3693918620f0b8ec86260f1132dc0521e78"
dependencies = [
 "cc",
 "rustc_version",
]
